
Microsoft Visual Studio Solution File, Format Version 12.00
# Visual Studio 15
VisualStudioVersion = 15.0.26430.13
MinimumVisualStudioVersion = 10.0.40219.1
Project("{9A19103F-16F7-4668-BE54-9A1E7A4F7556}") = "ConsoleApp", "ConsoleApp\ConsoleApp.csproj", "{42334EE7-20AB-45B1-8369-D30256006B63}"
EndProject
Project("{FAE04EC0-301F-11D3-BF4B-00C04F79EFBC}") = "ClassLibrary", "ClassLibrary\ClassLibrary.csproj", "{1AF92C68-11F6-47D6-BF39-62F3F34EC453}"
EndProject
Project("{2150E333-8FDC-42A3-9474-1A3956D46DE8}") = "_stylecop", "_stylecop", "{46D6655D-AC94-4190-95D0-A501B5AB3F70}"
	ProjectSection(SolutionItems) = preProject
		_stylecop\CustomDictionary.xml = _stylecop\CustomDictionary.xml
		_stylecop\stylecop.json = _stylecop\stylecop.json
		_stylecop\StyleCopeRules.ruleset = _stylecop\StyleCopeRules.ruleset
	EndProjectSection
EndProject
Global
	GlobalSection(SolutionConfigurationPlatforms) = preSolution
		Debug|Any CPU = Debug|Any CPU
		Release|Any CPU = Release|Any CPU
	EndGlobalSection
	GlobalSection(ProjectConfigurationPlatforms) = postSolution
		{42334EE7-20AB-45B1-8369-D30256006B63}.Debug|Any CPU.ActiveCfg = Debug|Any CPU
		{42334EE7-20AB-45B1-8369-D30256006B63}.Debug|Any CPU.Build.0 = Debug|Any CPU
		{42334EE7-20AB-45B1-8369-D30256006B63}.Release|Any CPU.ActiveCfg = Release|Any CPU
		{42334EE7-20AB-45B1-8369-D30256006B63}.Release|Any CPU.Build.0 = Release|Any CPU
		{1AF92C68-11F6-47D6-BF39-62F3F34EC453}.Debug|Any CPU.ActiveCfg = Debug|Any CPU
		{1AF92C68-11F6-47D6-BF39-62F3F34EC453}.Debug|Any CPU.Build.0 = Debug|Any CPU
		{1AF92C68-11F6-47D6-BF39-62F3F34EC453}.Release|Any CPU.ActiveCfg = Release|Any CPU
		{1AF92C68-11F6-47D6-BF39-62F3F34EC453}.Release|Any CPU.Build.0 = Release|Any CPU
	EndGlobalSection
	GlobalSection(SolutionProperties) = preSolution
		HideSolutionNode = FALSE
	EndGlobalSection
EndGlobal
